
Microsoft Visual Studio Solution File, Format Version 12.00
# Visual Studio Version 17
VisualStudioVersion = 17.9.34902.65
MinimumVisualStudioVersion = 10.0.40219.1
Project("{9A19103F-16F7-4668-BE54-9A1E7A4F7556}") = "EightBit", "EightBit\EightBit.csproj", "{B9DB62BA-F1C6-41B4-BE0F-85A1D4E64A33}"
EndProject
Project("{9A19103F-16F7-4668-BE54-9A1E7A4F7556}") = "Fuse", "Fuse\Fuse.csproj", "{2475540A-61B3-41A9-9FD5-3D4C51121E3F}"
EndProject
Project("{9A19103F-16F7-4668-BE54-9A1E7A4F7556}") = "Intel8080", "Intel8080\Intel8080.csproj", "{324414FD-36B2-4475-8E8B-49CFA39A6AFF}"
EndProject
Project("{9A19103F-16F7-4668-BE54-9A1E7A4F7556}") = "Intel8080.Test", "Intel8080\Intel8080.Test\Intel8080.Test.csproj", "{CAEED34A-10B5-4F3B-8169-276ACC98607F}"
EndProject
Project("{9A19103F-16F7-4668-BE54-9A1E7A4F7556}") = "LR35902", "LR35902\LR35902.csproj", "{6AB8C8B1-0FA5-4812-84A6-B91A4E821E81}"
EndProject
Project("{9A19103F-16F7-4668-BE54-9A1E7A4F7556}") = "LR35902.FuseTest", "LR35902\LR35902.FuseTest\LR35902.FuseTest.csproj", "{DF326C30-9BD8-4884-92C2-7B60F2D46CE8}"
EndProject
Project("{9A19103F-16F7-4668-BE54-9A1E7A4F7556}") = "LR35902.BlarggTest", "LR35902\LR35902.BlarggTest\LR35902.BlarggTest.csproj", "{14ACB90F-4FB3-4DA2-8511-ADF3EA3E8141}"
EndProject
Project("{9A19103F-16F7-4668-BE54-9A1E7A4F7556}") = "M6502", "M6502\M6502.csproj", "{9ACC092E-69BB-4938-A652-429D32783DB9}"
EndProject
Project("{9A19103F-16F7-4668-BE54-9A1E7A4F7556}") = "M6502.Test", "M6502\M6502.Test\M6502.Test.csproj", "{2927BE7C-12CF-4841-BA40-EECBA1A2C766}"
EndProject
Project("{9A19103F-16F7-4668-BE54-9A1E7A4F7556}") = "MC6809", "MC6809\MC6809.csproj", "{32AB176D-D385-4D1C-801D-EA6256D5B0DD}"
EndProject
Project("{9A19103F-16F7-4668-BE54-9A1E7A4F7556}") = "MC6809.UnitTest", "MC6809\MC6809.UnitTest\MC6809.UnitTest.csproj", "{FC445404-95DA-4784-92DB-A20DBEBD6AFA}"
EndProject
Project("{9A19103F-16F7-4668-BE54-9A1E7A4F7556}") = "MC6809.Test", "MC6809\MC6809.Test\MC6809.Test.csproj", "{E95A4593-C2DF-4931-AEE7-AB91FAD37BF4}"
EndProject
Project("{9A19103F-16F7-4668-BE54-9A1E7A4F7556}") = "MC6850", "MC6850\MC6850.csproj", "{1609FDDB-123C-4F4C-ABF2-8B9467D21679}"
EndProject
Project("{9A19103F-16F7-4668-BE54-9A1E7A4F7556}") = "Z80", "Z80\Z80.csproj", "{BFA64991-7EDE-4871-93B2-F6B3704C3889}"
EndProject
Project("{9A19103F-16F7-4668-BE54-9A1E7A4F7556}") = "Z80.FuseTest", "Z80\Z80.FuseTest\Z80.FuseTest.csproj", "{7124884D-0D57-4C8D-848F-A75AC73BA595}"
EndProject
Project("{9A19103F-16F7-4668-BE54-9A1E7A4F7556}") = "Z80.Test", "Z80\Z80.Test\Z80.Test.csproj", "{E6AE640E-4A42-4D8F-8ECE-2FBEBC29741B}"
EndProject
Project("{9A19103F-16F7-4668-BE54-9A1E7A4F7556}") = "M6502.HarteTest", "M6502\M6502.HarteTest\M6502.HarteTest.csproj", "{8686B0DC-A431-4239-836E-ABC90BD69920}"
EndProject
Project("{FAE04EC0-301F-11D3-BF4B-00C04F79EFBC}") = "M6502.Symbols", "M6502\M6502.Symbols\M6502.Symbols.csproj", "{77B4729A-1899-44D3-92A6-334FF9CA8A65}"
EndProject
Global
	GlobalSection(SolutionConfigurationPlatforms) = preSolution
		Debug|Any CPU = Debug|Any CPU
		Release|Any CPU = Release|Any CPU
	EndGlobalSection
	GlobalSection(ProjectConfigurationPlatforms) = postSolution
		{B9DB62BA-F1C6-41B4-BE0F-85A1D4E64A33}.Debug|Any CPU.ActiveCfg = Debug|Any CPU
		{B9DB62BA-F1C6-41B4-BE0F-85A1D4E64A33}.Debug|Any CPU.Build.0 = Debug|Any CPU
		{B9DB62BA-F1C6-41B4-BE0F-85A1D4E64A33}.Release|Any CPU.ActiveCfg = Release|Any CPU
		{B9DB62BA-F1C6-41B4-BE0F-85A1D4E64A33}.Release|Any CPU.Build.0 = Release|Any CPU
		{2475540A-61B3-41A9-9FD5-3D4C51121E3F}.Debug|Any CPU.ActiveCfg = Debug|Any CPU
		{2475540A-61B3-41A9-9FD5-3D4C51121E3F}.Debug|Any CPU.Build.0 = Debug|Any CPU
		{2475540A-61B3-41A9-9FD5-3D4C51121E3F}.Release|Any CPU.ActiveCfg = Release|Any CPU
		{2475540A-61B3-41A9-9FD5-3D4C51121E3F}.Release|Any CPU.Build.0 = Release|Any CPU
		{324414FD-36B2-4475-8E8B-49CFA39A6AFF}.Debug|Any CPU.ActiveCfg = Debug|Any CPU
		{324414FD-36B2-4475-8E8B-49CFA39A6AFF}.Debug|Any CPU.Build.0 = Debug|Any CPU
		{324414FD-36B2-4475-8E8B-49CFA39A6AFF}.Release|Any CPU.ActiveCfg = Release|Any CPU
		{324414FD-36B2-4475-8E8B-49CFA39A6AFF}.Release|Any CPU.Build.0 = Release|Any CPU
		{CAEED34A-10B5-4F3B-8169-276ACC98607F}.Debug|Any CPU.ActiveCfg = Debug|Any CPU
		{CAEED34A-10B5-4F3B-8169-276ACC98607F}.Debug|Any CPU.Build.0 = Debug|Any CPU
		{CAEED34A-10B5-4F3B-8169-276ACC98607F}.Release|Any CPU.ActiveCfg = Release|Any CPU
		{CAEED34A-10B5-4F3B-8169-276ACC98607F}.Release|Any CPU.Build.0 = Release|Any CPU
		{6AB8C8B1-0FA5-4812-84A6-B91A4E821E81}.Debug|Any CPU.ActiveCfg = Debug|Any CPU
		{6AB8C8B1-0FA5-4812-84A6-B91A4E821E81}.Debug|Any CPU.Build.0 = Debug|Any CPU
		{6AB8C8B1-0FA5-4812-84A6-B91A4E821E81}.Release|Any CPU.ActiveCfg = Release|Any CPU
		{6AB8C8B1-0FA5-4812-84A6-B91A4E821E81}.Release|Any CPU.Build.0 = Release|Any CPU
		{DF326C30-9BD8-4884-92C2-7B60F2D46CE8}.Debug|Any CPU.ActiveCfg = Debug|Any CPU
		{DF326C30-9BD8-4884-92C2-7B60F2D46CE8}.Debug|Any CPU.Build.0 = Debug|Any CPU
		{DF326C30-9BD8-4884-92C2-7B60F2D46CE8}.Release|Any CPU.ActiveCfg = Release|Any CPU
		{DF326C30-9BD8-4884-92C2-7B60F2D46CE8}.Release|Any CPU.Build.0 = Release|Any CPU
		{14ACB90F-4FB3-4DA2-8511-ADF3EA3E8141}.Debug|Any CPU.ActiveCfg = Debug|Any CPU
		{14ACB90F-4FB3-4DA2-8511-ADF3EA3E8141}.Debug|Any CPU.Build.0 = Debug|Any CPU
		{14ACB90F-4FB3-4DA2-8511-ADF3EA3E8141}.Release|Any CPU.ActiveCfg = Release|Any CPU
		{14ACB90F-4FB3-4DA2-8511-ADF3EA3E8141}.Release|Any CPU.Build.0 = Release|Any CPU
		{9ACC092E-69BB-4938-A652-429D32783DB9}.Debug|Any CPU.ActiveCfg = Debug|Any CPU
		{9ACC092E-69BB-4938-A652-429D32783DB9}.Debug|Any CPU.Build.0 = Debug|Any CPU
		{9ACC092E-69BB-4938-A652-429D32783DB9}.Release|Any CPU.ActiveCfg = Release|Any CPU
		{9ACC092E-69BB-4938-A652-429D32783DB9}.Release|Any CPU.Build.0 = Release|Any CPU
		{2927BE7C-12CF-4841-BA40-EECBA1A2C766}.Debug|Any CPU.ActiveCfg = Debug|Any CPU
		{2927BE7C-12CF-4841-BA40-EECBA1A2C766}.Debug|Any CPU.Build.0 = Debug|Any CPU
		{2927BE7C-12CF-4841-BA40-EECBA1A2C766}.Release|Any CPU.ActiveCfg = Release|Any CPU
		{2927BE7C-12CF-4841-BA40-EECBA1A2C766}.Release|Any CPU.Build.0 = Release|Any CPU
		{32AB176D-D385-4D1C-801D-EA6256D5B0DD}.Debug|Any CPU.ActiveCfg = Debug|Any CPU
		{32AB176D-D385-4D1C-801D-EA6256D5B0DD}.Debug|Any CPU.Build.0 = Debug|Any CPU
		{32AB176D-D385-4D1C-801D-EA6256D5B0DD}.Release|Any CPU.ActiveCfg = Release|Any CPU
		{32AB176D-D385-4D1C-801D-EA6256D5B0DD}.Release|Any CPU.Build.0 = Release|Any CPU
		{FC445404-95DA-4784-92DB-A20DBEBD6AFA}.Debug|Any CPU.ActiveCfg = Debug|Any CPU
		{FC445404-95DA-4784-92DB-A20DBEBD6AFA}.Debug|Any CPU.Build.0 = Debug|Any CPU
		{FC445404-95DA-4784-92DB-A20DBEBD6AFA}.Release|Any CPU.ActiveCfg = Release|Any CPU
		{FC445404-95DA-4784-92DB-A20DBEBD6AFA}.Release|Any CPU.Build.0 = Release|Any CPU
		{E95A4593-C2DF-4931-AEE7-AB91FAD37BF4}.Debug|Any CPU.ActiveCfg = Debug|Any CPU
		{E95A4593-C2DF-4931-AEE7-AB91FAD37BF4}.Debug|Any CPU.Build.0 = Debug|Any CPU
		{E95A4593-C2DF-4931-AEE7-AB91FAD37BF4}.Release|Any CPU.ActiveCfg = Release|Any CPU
		{E95A4593-C2DF-4931-AEE7-AB91FAD37BF4}.Release|Any CPU.Build.0 = Release|Any CPU
		{1609FDDB-123C-4F4C-ABF2-8B9467D21679}.Debug|Any CPU.ActiveCfg = Debug|Any CPU
		{1609FDDB-123C-4F4C-ABF2-8B9467D21679}.Debug|Any CPU.Build.0 = Debug|Any CPU
		{1609FDDB-123C-4F4C-ABF2-8B9467D21679}.Release|Any CPU.ActiveCfg = Release|Any CPU
		{1609FDDB-123C-4F4C-ABF2-8B9467D21679}.Release|Any CPU.Build.0 = Release|Any CPU
		{BFA64991-7EDE-4871-93B2-F6B3704C3889}.Debug|Any CPU.ActiveCfg = Debug|Any CPU
		{BFA64991-7EDE-4871-93B2-F6B3704C3889}.Debug|Any CPU.Build.0 = Debug|Any CPU
		{BFA64991-7EDE-4871-93B2-F6B3704C3889}.Release|Any CPU.ActiveCfg = Release|Any CPU
		{BFA64991-7EDE-4871-93B2-F6B3704C3889}.Release|Any CPU.Build.0 = Release|Any CPU
		{7124884D-0D57-4C8D-848F-A75AC73BA595}.Debug|Any CPU.ActiveCfg = Debug|Any CPU
		{7124884D-0D57-4C8D-848F-A75AC73BA595}.Debug|Any CPU.Build.0 = Debug|Any CPU
		{7124884D-0D57-4C8D-848F-A75AC73BA595}.Release|Any CPU.ActiveCfg = Release|Any CPU
		{7124884D-0D57-4C8D-848F-A75AC73BA595}.Release|Any CPU.Build.0 = Release|Any CPU
		{E6AE640E-4A42-4D8F-8ECE-2FBEBC29741B}.Debug|Any CPU.ActiveCfg = Debug|Any CPU
		{E6AE640E-4A42-4D8F-8ECE-2FBEBC29741B}.Debug|Any CPU.Build.0 = Debug|Any CPU
		{E6AE640E-4A42-4D8F-8ECE-2FBEBC29741B}.Release|Any CPU.ActiveCfg = Release|Any CPU
		{E6AE640E-4A42-4D8F-8ECE-2FBEBC29741B}.Release|Any CPU.Build.0 = Release|Any CPU
		{8686B0DC-A431-4239-836E-ABC90BD69920}.Debug|Any CPU.ActiveCfg = Debug|Any CPU
		{8686B0DC-A431-4239-836E-ABC90BD69920}.Debug|Any CPU.Build.0 = Debug|Any CPU
		{8686B0DC-A431-4239-836E-ABC90BD69920}.Release|Any CPU.ActiveCfg = Release|Any CPU
		{8686B0DC-A431-4239-836E-ABC90BD69920}.Release|Any CPU.Build.0 = Release|Any CPU
		{77B4729A-1899-44D3-92A6-334FF9CA8A65}.Debug|Any CPU.ActiveCfg = Debug|Any CPU
		{77B4729A-1899-44D3-92A6-334FF9CA8A65}.Debug|Any CPU.Build.0 = Debug|Any CPU
		{77B4729A-1899-44D3-92A6-334FF9CA8A65}.Release|Any CPU.ActiveCfg = Release|Any CPU
		{77B4729A-1899-44D3-92A6-334FF9CA8A65}.Release|Any CPU.Build.0 = Release|Any CPU
	EndGlobalSection
	GlobalSection(SolutionProperties) = preSolution
		HideSolutionNode = FALSE
	EndGlobalSection
	GlobalSection(ExtensibilityGlobals) = postSolution
		SolutionGuid = {70D533DE-84E0-4655-953D-00AA0088A949}
	EndGlobalSection
EndGlobal
