
Microsoft Visual Studio Solution File, Format Version 12.00
# Visual Studio 15
VisualStudioVersion = 15.0.28307.329
MinimumVisualStudioVersion = 10.0.40219.1
Project("{FAE04EC0-301F-11D3-BF4B-00C04F79EFBC}") = "EightBit", "EightBit\EightBit.csproj", "{6EBF8857-62A3-4EF4-AF21-C1844031D7E4}"
EndProject
Project("{FAE04EC0-301F-11D3-BF4B-00C04F79EFBC}") = "M6502", "M6502\M6502.csproj", "{3AF29A4F-4294-4A9D-AAC3-D9A48076BD19}"
EndProject
Project("{FAE04EC0-301F-11D3-BF4B-00C04F79EFBC}") = "EightBit.UnitTest", "EightBit\EightBit.UnitTest\EightBit.UnitTest.csproj", "{AA8282A3-212A-42DE-B778-BBAEB7E6D986}"
EndProject
Project("{FAE04EC0-301F-11D3-BF4B-00C04F79EFBC}") = "M6502.Test", "M6502\M6502.Test\M6502.Test.csproj", "{854EDE2F-B54D-425C-8F68-EDA68BDC797E}"
EndProject
Project("{FAE04EC0-301F-11D3-BF4B-00C04F79EFBC}") = "Z80", "Z80\Z80.csproj", "{C00648C1-BAC1-4EFB-816F-E87C091619D7}"
EndProject
Project("{FAE04EC0-301F-11D3-BF4B-00C04F79EFBC}") = "Z80.Test", "Z80\Z80.Test\Z80.Test.csproj", "{F749BEAE-8903-400B-875C-1220ADCFEF08}"
EndProject
Project("{FAE04EC0-301F-11D3-BF4B-00C04F79EFBC}") = "Intel8080", "Intel8080\Intel8080.csproj", "{75AE8D08-4EA0-4B73-84E8-9C0BA694AA6A}"
EndProject
Project("{FAE04EC0-301F-11D3-BF4B-00C04F79EFBC}") = "Intel8080.Test", "Intel8080\Intel8080.Test\Intel8080.Test.csproj", "{B09091A2-43A6-4729-9EE2-047895ECAF30}"
EndProject
Project("{FAE04EC0-301F-11D3-BF4B-00C04F79EFBC}") = "MC6809", "MC6809\MC6809.csproj", "{3A63972B-AB50-4A01-8A10-0D2165580FAD}"
EndProject
Project("{FAE04EC0-301F-11D3-BF4B-00C04F79EFBC}") = "MC6809.UnitTest", "MC6809\MC6809.UnitTest\MC6809.UnitTest.csproj", "{4391A363-ECEF-44C8-9335-BF6ECB811E4B}"
EndProject
Project("{FAE04EC0-301F-11D3-BF4B-00C04F79EFBC}") = "MC6850", "MC6850\MC6850.csproj", "{A9760EFD-79F2-4EC3-8647-D2A1587E3E7E}"
EndProject
Project("{FAE04EC0-301F-11D3-BF4B-00C04F79EFBC}") = "MC6809.Test", "MC6809\MC6809.Test\MC6809.Test.csproj", "{5ADB4727-2F5F-4A41-979B-6734501E34BC}"
EndProject
Project("{FAE04EC0-301F-11D3-BF4B-00C04F79EFBC}") = "LR35902", "LR35902\LR35902.csproj", "{01F61A1D-CB4A-4EA3-96EF-222F831DF483}"
EndProject
Project("{FAE04EC0-301F-11D3-BF4B-00C04F79EFBC}") = "LR35902.FuseTest", "LR35902\LR35902.FuseTest\LR35902.FuseTest.csproj", "{CC24B08D-1C51-43FD-961D-7C9A49253D69}"
EndProject
Global
	GlobalSection(SolutionConfigurationPlatforms) = preSolution
		Debug|Any CPU = Debug|Any CPU
		Debug|x64 = Debug|x64
		Debug|x86 = Debug|x86
		Release|Any CPU = Release|Any CPU
		Release|x64 = Release|x64
		Release|x86 = Release|x86
	EndGlobalSection
	GlobalSection(ProjectConfigurationPlatforms) = postSolution
		{6EBF8857-62A3-4EF4-AF21-C1844031D7E4}.Debug|Any CPU.ActiveCfg = Debug|Any CPU
		{6EBF8857-62A3-4EF4-AF21-C1844031D7E4}.Debug|Any CPU.Build.0 = Debug|Any CPU
		{6EBF8857-62A3-4EF4-AF21-C1844031D7E4}.Debug|x64.ActiveCfg = Debug|Any CPU
		{6EBF8857-62A3-4EF4-AF21-C1844031D7E4}.Debug|x64.Build.0 = Debug|Any CPU
		{6EBF8857-62A3-4EF4-AF21-C1844031D7E4}.Debug|x86.ActiveCfg = Debug|Any CPU
		{6EBF8857-62A3-4EF4-AF21-C1844031D7E4}.Debug|x86.Build.0 = Debug|Any CPU
		{6EBF8857-62A3-4EF4-AF21-C1844031D7E4}.Release|Any CPU.ActiveCfg = Release|Any CPU
		{6EBF8857-62A3-4EF4-AF21-C1844031D7E4}.Release|Any CPU.Build.0 = Release|Any CPU
		{6EBF8857-62A3-4EF4-AF21-C1844031D7E4}.Release|x64.ActiveCfg = Release|Any CPU
		{6EBF8857-62A3-4EF4-AF21-C1844031D7E4}.Release|x64.Build.0 = Release|Any CPU
		{6EBF8857-62A3-4EF4-AF21-C1844031D7E4}.Release|x86.ActiveCfg = Release|Any CPU
		{6EBF8857-62A3-4EF4-AF21-C1844031D7E4}.Release|x86.Build.0 = Release|Any CPU
		{3AF29A4F-4294-4A9D-AAC3-D9A48076BD19}.Debug|Any CPU.ActiveCfg = Debug|Any CPU
		{3AF29A4F-4294-4A9D-AAC3-D9A48076BD19}.Debug|Any CPU.Build.0 = Debug|Any CPU
		{3AF29A4F-4294-4A9D-AAC3-D9A48076BD19}.Debug|x64.ActiveCfg = Debug|Any CPU
		{3AF29A4F-4294-4A9D-AAC3-D9A48076BD19}.Debug|x64.Build.0 = Debug|Any CPU
		{3AF29A4F-4294-4A9D-AAC3-D9A48076BD19}.Debug|x86.ActiveCfg = Debug|Any CPU
		{3AF29A4F-4294-4A9D-AAC3-D9A48076BD19}.Debug|x86.Build.0 = Debug|Any CPU
		{3AF29A4F-4294-4A9D-AAC3-D9A48076BD19}.Release|Any CPU.ActiveCfg = Release|Any CPU
		{3AF29A4F-4294-4A9D-AAC3-D9A48076BD19}.Release|Any CPU.Build.0 = Release|Any CPU
		{3AF29A4F-4294-4A9D-AAC3-D9A48076BD19}.Release|x64.ActiveCfg = Release|Any CPU
		{3AF29A4F-4294-4A9D-AAC3-D9A48076BD19}.Release|x64.Build.0 = Release|Any CPU
		{3AF29A4F-4294-4A9D-AAC3-D9A48076BD19}.Release|x86.ActiveCfg = Release|Any CPU
		{3AF29A4F-4294-4A9D-AAC3-D9A48076BD19}.Release|x86.Build.0 = Release|Any CPU
		{AA8282A3-212A-42DE-B778-BBAEB7E6D986}.Debug|Any CPU.ActiveCfg = Debug|Any CPU
		{AA8282A3-212A-42DE-B778-BBAEB7E6D986}.Debug|Any CPU.Build.0 = Debug|Any CPU
		{AA8282A3-212A-42DE-B778-BBAEB7E6D986}.Debug|x64.ActiveCfg = Debug|Any CPU
		{AA8282A3-212A-42DE-B778-BBAEB7E6D986}.Debug|x64.Build.0 = Debug|Any CPU
		{AA8282A3-212A-42DE-B778-BBAEB7E6D986}.Debug|x86.ActiveCfg = Debug|Any CPU
		{AA8282A3-212A-42DE-B778-BBAEB7E6D986}.Debug|x86.Build.0 = Debug|Any CPU
		{AA8282A3-212A-42DE-B778-BBAEB7E6D986}.Release|Any CPU.ActiveCfg = Release|Any CPU
		{AA8282A3-212A-42DE-B778-BBAEB7E6D986}.Release|Any CPU.Build.0 = Release|Any CPU
		{AA8282A3-212A-42DE-B778-BBAEB7E6D986}.Release|x64.ActiveCfg = Release|Any CPU
		{AA8282A3-212A-42DE-B778-BBAEB7E6D986}.Release|x64.Build.0 = Release|Any CPU
		{AA8282A3-212A-42DE-B778-BBAEB7E6D986}.Release|x86.ActiveCfg = Release|Any CPU
		{AA8282A3-212A-42DE-B778-BBAEB7E6D986}.Release|x86.Build.0 = Release|Any CPU
		{854EDE2F-B54D-425C-8F68-EDA68BDC797E}.Debug|Any CPU.ActiveCfg = Debug|Any CPU
		{854EDE2F-B54D-425C-8F68-EDA68BDC797E}.Debug|Any CPU.Build.0 = Debug|Any CPU
		{854EDE2F-B54D-425C-8F68-EDA68BDC797E}.Debug|x64.ActiveCfg = Debug|Any CPU
		{854EDE2F-B54D-425C-8F68-EDA68BDC797E}.Debug|x64.Build.0 = Debug|Any CPU
		{854EDE2F-B54D-425C-8F68-EDA68BDC797E}.Debug|x86.ActiveCfg = Debug|Any CPU
		{854EDE2F-B54D-425C-8F68-EDA68BDC797E}.Debug|x86.Build.0 = Debug|Any CPU
		{854EDE2F-B54D-425C-8F68-EDA68BDC797E}.Release|Any CPU.ActiveCfg = Release|Any CPU
		{854EDE2F-B54D-425C-8F68-EDA68BDC797E}.Release|Any CPU.Build.0 = Release|Any CPU
		{854EDE2F-B54D-425C-8F68-EDA68BDC797E}.Release|x64.ActiveCfg = Release|Any CPU
		{854EDE2F-B54D-425C-8F68-EDA68BDC797E}.Release|x64.Build.0 = Release|Any CPU
		{854EDE2F-B54D-425C-8F68-EDA68BDC797E}.Release|x86.ActiveCfg = Release|Any CPU
		{854EDE2F-B54D-425C-8F68-EDA68BDC797E}.Release|x86.Build.0 = Release|Any CPU
		{C00648C1-BAC1-4EFB-816F-E87C091619D7}.Debug|Any CPU.ActiveCfg = Debug|Any CPU
		{C00648C1-BAC1-4EFB-816F-E87C091619D7}.Debug|Any CPU.Build.0 = Debug|Any CPU
		{C00648C1-BAC1-4EFB-816F-E87C091619D7}.Debug|x64.ActiveCfg = Debug|Any CPU
		{C00648C1-BAC1-4EFB-816F-E87C091619D7}.Debug|x64.Build.0 = Debug|Any CPU
		{C00648C1-BAC1-4EFB-816F-E87C091619D7}.Debug|x86.ActiveCfg = Debug|Any CPU
		{C00648C1-BAC1-4EFB-816F-E87C091619D7}.Debug|x86.Build.0 = Debug|Any CPU
		{C00648C1-BAC1-4EFB-816F-E87C091619D7}.Release|Any CPU.ActiveCfg = Release|Any CPU
		{C00648C1-BAC1-4EFB-816F-E87C091619D7}.Release|Any CPU.Build.0 = Release|Any CPU
		{C00648C1-BAC1-4EFB-816F-E87C091619D7}.Release|x64.ActiveCfg = Release|Any CPU
		{C00648C1-BAC1-4EFB-816F-E87C091619D7}.Release|x64.Build.0 = Release|Any CPU
		{C00648C1-BAC1-4EFB-816F-E87C091619D7}.Release|x86.ActiveCfg = Release|Any CPU
		{C00648C1-BAC1-4EFB-816F-E87C091619D7}.Release|x86.Build.0 = Release|Any CPU
		{F749BEAE-8903-400B-875C-1220ADCFEF08}.Debug|Any CPU.ActiveCfg = Debug|Any CPU
		{F749BEAE-8903-400B-875C-1220ADCFEF08}.Debug|Any CPU.Build.0 = Debug|Any CPU
		{F749BEAE-8903-400B-875C-1220ADCFEF08}.Debug|x64.ActiveCfg = Debug|Any CPU
		{F749BEAE-8903-400B-875C-1220ADCFEF08}.Debug|x64.Build.0 = Debug|Any CPU
		{F749BEAE-8903-400B-875C-1220ADCFEF08}.Debug|x86.ActiveCfg = Debug|Any CPU
		{F749BEAE-8903-400B-875C-1220ADCFEF08}.Debug|x86.Build.0 = Debug|Any CPU
		{F749BEAE-8903-400B-875C-1220ADCFEF08}.Release|Any CPU.ActiveCfg = Release|Any CPU
		{F749BEAE-8903-400B-875C-1220ADCFEF08}.Release|Any CPU.Build.0 = Release|Any CPU
		{F749BEAE-8903-400B-875C-1220ADCFEF08}.Release|x64.ActiveCfg = Release|Any CPU
		{F749BEAE-8903-400B-875C-1220ADCFEF08}.Release|x64.Build.0 = Release|Any CPU
		{F749BEAE-8903-400B-875C-1220ADCFEF08}.Release|x86.ActiveCfg = Release|Any CPU
		{F749BEAE-8903-400B-875C-1220ADCFEF08}.Release|x86.Build.0 = Release|Any CPU
		{75AE8D08-4EA0-4B73-84E8-9C0BA694AA6A}.Debug|Any CPU.ActiveCfg = Debug|Any CPU
		{75AE8D08-4EA0-4B73-84E8-9C0BA694AA6A}.Debug|Any CPU.Build.0 = Debug|Any CPU
		{75AE8D08-4EA0-4B73-84E8-9C0BA694AA6A}.Debug|x64.ActiveCfg = Debug|Any CPU
		{75AE8D08-4EA0-4B73-84E8-9C0BA694AA6A}.Debug|x64.Build.0 = Debug|Any CPU
		{75AE8D08-4EA0-4B73-84E8-9C0BA694AA6A}.Debug|x86.ActiveCfg = Debug|Any CPU
		{75AE8D08-4EA0-4B73-84E8-9C0BA694AA6A}.Debug|x86.Build.0 = Debug|Any CPU
		{75AE8D08-4EA0-4B73-84E8-9C0BA694AA6A}.Release|Any CPU.ActiveCfg = Release|Any CPU
		{75AE8D08-4EA0-4B73-84E8-9C0BA694AA6A}.Release|Any CPU.Build.0 = Release|Any CPU
		{75AE8D08-4EA0-4B73-84E8-9C0BA694AA6A}.Release|x64.ActiveCfg = Release|Any CPU
		{75AE8D08-4EA0-4B73-84E8-9C0BA694AA6A}.Release|x64.Build.0 = Release|Any CPU
		{75AE8D08-4EA0-4B73-84E8-9C0BA694AA6A}.Release|x86.ActiveCfg = Release|Any CPU
		{75AE8D08-4EA0-4B73-84E8-9C0BA694AA6A}.Release|x86.Build.0 = Release|Any CPU
		{B09091A2-43A6-4729-9EE2-047895ECAF30}.Debug|Any CPU.ActiveCfg = Debug|Any CPU
		{B09091A2-43A6-4729-9EE2-047895ECAF30}.Debug|Any CPU.Build.0 = Debug|Any CPU
		{B09091A2-43A6-4729-9EE2-047895ECAF30}.Debug|x64.ActiveCfg = Debug|Any CPU
		{B09091A2-43A6-4729-9EE2-047895ECAF30}.Debug|x64.Build.0 = Debug|Any CPU
		{B09091A2-43A6-4729-9EE2-047895ECAF30}.Debug|x86.ActiveCfg = Debug|Any CPU
		{B09091A2-43A6-4729-9EE2-047895ECAF30}.Debug|x86.Build.0 = Debug|Any CPU
		{B09091A2-43A6-4729-9EE2-047895ECAF30}.Release|Any CPU.ActiveCfg = Release|Any CPU
		{B09091A2-43A6-4729-9EE2-047895ECAF30}.Release|Any CPU.Build.0 = Release|Any CPU
		{B09091A2-43A6-4729-9EE2-047895ECAF30}.Release|x64.ActiveCfg = Release|Any CPU
		{B09091A2-43A6-4729-9EE2-047895ECAF30}.Release|x64.Build.0 = Release|Any CPU
		{B09091A2-43A6-4729-9EE2-047895ECAF30}.Release|x86.ActiveCfg = Release|Any CPU
		{B09091A2-43A6-4729-9EE2-047895ECAF30}.Release|x86.Build.0 = Release|Any CPU
		{3A63972B-AB50-4A01-8A10-0D2165580FAD}.Debug|Any CPU.ActiveCfg = Debug|Any CPU
		{3A63972B-AB50-4A01-8A10-0D2165580FAD}.Debug|Any CPU.Build.0 = Debug|Any CPU
		{3A63972B-AB50-4A01-8A10-0D2165580FAD}.Debug|x64.ActiveCfg = Debug|Any CPU
		{3A63972B-AB50-4A01-8A10-0D2165580FAD}.Debug|x64.Build.0 = Debug|Any CPU
		{3A63972B-AB50-4A01-8A10-0D2165580FAD}.Debug|x86.ActiveCfg = Debug|Any CPU
		{3A63972B-AB50-4A01-8A10-0D2165580FAD}.Debug|x86.Build.0 = Debug|Any CPU
		{3A63972B-AB50-4A01-8A10-0D2165580FAD}.Release|Any CPU.ActiveCfg = Release|Any CPU
		{3A63972B-AB50-4A01-8A10-0D2165580FAD}.Release|Any CPU.Build.0 = Release|Any CPU
		{3A63972B-AB50-4A01-8A10-0D2165580FAD}.Release|x64.ActiveCfg = Release|Any CPU
		{3A63972B-AB50-4A01-8A10-0D2165580FAD}.Release|x64.Build.0 = Release|Any CPU
		{3A63972B-AB50-4A01-8A10-0D2165580FAD}.Release|x86.ActiveCfg = Release|Any CPU
		{3A63972B-AB50-4A01-8A10-0D2165580FAD}.Release|x86.Build.0 = Release|Any CPU
		{4391A363-ECEF-44C8-9335-BF6ECB811E4B}.Debug|Any CPU.ActiveCfg = Debug|Any CPU
		{4391A363-ECEF-44C8-9335-BF6ECB811E4B}.Debug|Any CPU.Build.0 = Debug|Any CPU
		{4391A363-ECEF-44C8-9335-BF6ECB811E4B}.Debug|x64.ActiveCfg = Debug|Any CPU
		{4391A363-ECEF-44C8-9335-BF6ECB811E4B}.Debug|x64.Build.0 = Debug|Any CPU
		{4391A363-ECEF-44C8-9335-BF6ECB811E4B}.Debug|x86.ActiveCfg = Debug|Any CPU
		{4391A363-ECEF-44C8-9335-BF6ECB811E4B}.Debug|x86.Build.0 = Debug|Any CPU
		{4391A363-ECEF-44C8-9335-BF6ECB811E4B}.Release|Any CPU.ActiveCfg = Release|Any CPU
		{4391A363-ECEF-44C8-9335-BF6ECB811E4B}.Release|Any CPU.Build.0 = Release|Any CPU
		{4391A363-ECEF-44C8-9335-BF6ECB811E4B}.Release|x64.ActiveCfg = Release|Any CPU
		{4391A363-ECEF-44C8-9335-BF6ECB811E4B}.Release|x64.Build.0 = Release|Any CPU
		{4391A363-ECEF-44C8-9335-BF6ECB811E4B}.Release|x86.ActiveCfg = Release|Any CPU
		{4391A363-ECEF-44C8-9335-BF6ECB811E4B}.Release|x86.Build.0 = Release|Any CPU
		{A9760EFD-79F2-4EC3-8647-D2A1587E3E7E}.Debug|Any CPU.ActiveCfg = Debug|Any CPU
		{A9760EFD-79F2-4EC3-8647-D2A1587E3E7E}.Debug|Any CPU.Build.0 = Debug|Any CPU
		{A9760EFD-79F2-4EC3-8647-D2A1587E3E7E}.Debug|x64.ActiveCfg = Debug|Any CPU
		{A9760EFD-79F2-4EC3-8647-D2A1587E3E7E}.Debug|x64.Build.0 = Debug|Any CPU
		{A9760EFD-79F2-4EC3-8647-D2A1587E3E7E}.Debug|x86.ActiveCfg = Debug|Any CPU
		{A9760EFD-79F2-4EC3-8647-D2A1587E3E7E}.Debug|x86.Build.0 = Debug|Any CPU
		{A9760EFD-79F2-4EC3-8647-D2A1587E3E7E}.Release|Any CPU.ActiveCfg = Release|Any CPU
		{A9760EFD-79F2-4EC3-8647-D2A1587E3E7E}.Release|Any CPU.Build.0 = Release|Any CPU
		{A9760EFD-79F2-4EC3-8647-D2A1587E3E7E}.Release|x64.ActiveCfg = Release|Any CPU
		{A9760EFD-79F2-4EC3-8647-D2A1587E3E7E}.Release|x64.Build.0 = Release|Any CPU
		{A9760EFD-79F2-4EC3-8647-D2A1587E3E7E}.Release|x86.ActiveCfg = Release|Any CPU
		{A9760EFD-79F2-4EC3-8647-D2A1587E3E7E}.Release|x86.Build.0 = Release|Any CPU
		{5ADB4727-2F5F-4A41-979B-6734501E34BC}.Debug|Any CPU.ActiveCfg = Debug|Any CPU
		{5ADB4727-2F5F-4A41-979B-6734501E34BC}.Debug|Any CPU.Build.0 = Debug|Any CPU
		{5ADB4727-2F5F-4A41-979B-6734501E34BC}.Debug|x64.ActiveCfg = Debug|Any CPU
		{5ADB4727-2F5F-4A41-979B-6734501E34BC}.Debug|x64.Build.0 = Debug|Any CPU
		{5ADB4727-2F5F-4A41-979B-6734501E34BC}.Debug|x86.ActiveCfg = Debug|Any CPU
		{5ADB4727-2F5F-4A41-979B-6734501E34BC}.Debug|x86.Build.0 = Debug|Any CPU
		{5ADB4727-2F5F-4A41-979B-6734501E34BC}.Release|Any CPU.ActiveCfg = Release|Any CPU
		{5ADB4727-2F5F-4A41-979B-6734501E34BC}.Release|Any CPU.Build.0 = Release|Any CPU
		{5ADB4727-2F5F-4A41-979B-6734501E34BC}.Release|x64.ActiveCfg = Release|Any CPU
		{5ADB4727-2F5F-4A41-979B-6734501E34BC}.Release|x64.Build.0 = Release|Any CPU
		{5ADB4727-2F5F-4A41-979B-6734501E34BC}.Release|x86.ActiveCfg = Release|Any CPU
		{5ADB4727-2F5F-4A41-979B-6734501E34BC}.Release|x86.Build.0 = Release|Any CPU
		{01F61A1D-CB4A-4EA3-96EF-222F831DF483}.Debug|Any CPU.ActiveCfg = Debug|Any CPU
		{01F61A1D-CB4A-4EA3-96EF-222F831DF483}.Debug|Any CPU.Build.0 = Debug|Any CPU
		{01F61A1D-CB4A-4EA3-96EF-222F831DF483}.Debug|x64.ActiveCfg = Debug|Any CPU
		{01F61A1D-CB4A-4EA3-96EF-222F831DF483}.Debug|x64.Build.0 = Debug|Any CPU
		{01F61A1D-CB4A-4EA3-96EF-222F831DF483}.Debug|x86.ActiveCfg = Debug|Any CPU
		{01F61A1D-CB4A-4EA3-96EF-222F831DF483}.Debug|x86.Build.0 = Debug|Any CPU
		{01F61A1D-CB4A-4EA3-96EF-222F831DF483}.Release|Any CPU.ActiveCfg = Release|Any CPU
		{01F61A1D-CB4A-4EA3-96EF-222F831DF483}.Release|Any CPU.Build.0 = Release|Any CPU
		{01F61A1D-CB4A-4EA3-96EF-222F831DF483}.Release|x64.ActiveCfg = Release|Any CPU
		{01F61A1D-CB4A-4EA3-96EF-222F831DF483}.Release|x64.Build.0 = Release|Any CPU
		{01F61A1D-CB4A-4EA3-96EF-222F831DF483}.Release|x86.ActiveCfg = Release|Any CPU
		{01F61A1D-CB4A-4EA3-96EF-222F831DF483}.Release|x86.Build.0 = Release|Any CPU
		{CC24B08D-1C51-43FD-961D-7C9A49253D69}.Debug|Any CPU.ActiveCfg = Debug|Any CPU
		{CC24B08D-1C51-43FD-961D-7C9A49253D69}.Debug|Any CPU.Build.0 = Debug|Any CPU
		{CC24B08D-1C51-43FD-961D-7C9A49253D69}.Debug|x64.ActiveCfg = Debug|Any CPU
		{CC24B08D-1C51-43FD-961D-7C9A49253D69}.Debug|x64.Build.0 = Debug|Any CPU
		{CC24B08D-1C51-43FD-961D-7C9A49253D69}.Debug|x86.ActiveCfg = Debug|Any CPU
		{CC24B08D-1C51-43FD-961D-7C9A49253D69}.Debug|x86.Build.0 = Debug|Any CPU
		{CC24B08D-1C51-43FD-961D-7C9A49253D69}.Release|Any CPU.ActiveCfg = Release|Any CPU
		{CC24B08D-1C51-43FD-961D-7C9A49253D69}.Release|Any CPU.Build.0 = Release|Any CPU
		{CC24B08D-1C51-43FD-961D-7C9A49253D69}.Release|x64.ActiveCfg = Release|Any CPU
		{CC24B08D-1C51-43FD-961D-7C9A49253D69}.Release|x64.Build.0 = Release|Any CPU
		{CC24B08D-1C51-43FD-961D-7C9A49253D69}.Release|x86.ActiveCfg = Release|Any CPU
		{CC24B08D-1C51-43FD-961D-7C9A49253D69}.Release|x86.Build.0 = Release|Any CPU
	EndGlobalSection
	GlobalSection(SolutionProperties) = preSolution
		HideSolutionNode = FALSE
	EndGlobalSection
	GlobalSection(ExtensibilityGlobals) = postSolution
		SolutionGuid = {E120AD0F-5939-4F8B-B454-7920E565FA7E}
	EndGlobalSection
	GlobalSection(Performance) = preSolution
		HasPerformanceSessions = true
	EndGlobalSection
EndGlobal
